
Microsoft Visual Studio Solution File, Format Version 12.00
# Visual Studio Version 17
VisualStudioVersion = 17.7.34031.279
MinimumVisualStudioVersion = 10.0.40219.1
Project("{FAE04EC0-301F-11D3-BF4B-00C04F79EFBC}") = "ShopDunk-TTTT", "ShopDunk-TTTT\ShopDunk-TTTT.csproj", "{B6763BBE-762B-487B-A3B7-1E3EFD50AA4B}"
EndProject
Global
	GlobalSection(SolutionConfigurationPlatforms) = preSolution
		Debug|Any CPU = Debug|Any CPU
		Release|Any CPU = Release|Any CPU
	EndGlobalSection
	GlobalSection(ProjectConfigurationPlatforms) = postSolution
		{B6763BBE-762B-487B-A3B7-1E3EFD50AA4B}.Debug|Any CPU.ActiveCfg = Debug|Any CPU
		{B6763BBE-762B-487B-A3B7-1E3EFD50AA4B}.Debug|Any CPU.Build.0 = Debug|Any CPU
		{B6763BBE-762B-487B-A3B7-1E3EFD50AA4B}.Release|Any CPU.ActiveCfg = Release|Any CPU
		{B6763BBE-762B-487B-A3B7-1E3EFD50AA4B}.Release|Any CPU.Build.0 = Release|Any CPU
	EndGlobalSection
	GlobalSection(SolutionProperties) = preSolution
		HideSolutionNode = FALSE
	EndGlobalSection
	GlobalSection(ExtensibilityGlobals) = postSolution
		SolutionGuid = {D176C55A-59A8-4050-B4CC-5ABD31FE8F5E}
	EndGlobalSection
EndGlobal
